
Microsoft Visual Studio Solution File, Format Version 12.00
# Visual Studio Version 16
VisualStudioVersion = 16.0.31205.134
MinimumVisualStudioVersion = 10.0.40219.1
Project("{FAE04EC0-301F-11D3-BF4B-00C04F79EFBC}") = "tele-consult", "tele-consult\tele-consult.csproj", "{53301D78-AA9A-4CAB-AD09-7080B038F61E}"
EndProject
Global
	GlobalSection(SolutionConfigurationPlatforms) = preSolution
		Debug|Any CPU = Debug|Any CPU
		Release|Any CPU = Release|Any CPU
	EndGlobalSection
	GlobalSection(ProjectConfigurationPlatforms) = postSolution
		{53301D78-AA9A-4CAB-AD09-7080B038F61E}.Debug|Any CPU.ActiveCfg = Debug|Any CPU
		{53301D78-AA9A-4CAB-AD09-7080B038F61E}.Debug|Any CPU.Build.0 = Debug|Any CPU
		{53301D78-AA9A-4CAB-AD09-7080B038F61E}.Release|Any CPU.ActiveCfg = Release|Any CPU
		{53301D78-AA9A-4CAB-AD09-7080B038F61E}.Release|Any CPU.Build.0 = Release|Any CPU
	EndGlobalSection
	GlobalSection(SolutionProperties) = preSolution
		HideSolutionNode = FALSE
	EndGlobalSection
	GlobalSection(ExtensibilityGlobals) = postSolution
		SolutionGuid = {8789410F-9883-4280-A05D-39FD45D196EB}
	EndGlobalSection
EndGlobal
